
Microsoft Visual Studio Solution File, Format Version 12.00
# Visual Studio Version 17
VisualStudioVersion = 17.4.33205.214
MinimumVisualStudioVersion = 10.0.40219.1
Project("{FAE04EC0-301F-11D3-BF4B-00C04F79EFBC}") = "SecureAPI2", "SecureAPI2\SecureAPI2.csproj", "{F72C9CE1-7BB0-4D38-AEE5-3E505DA842F0}"
EndProject
Global
	GlobalSection(SolutionConfigurationPlatforms) = preSolution
		Debug|Any CPU = Debug|Any CPU
		Release|Any CPU = Release|Any CPU
	EndGlobalSection
	GlobalSection(ProjectConfigurationPlatforms) = postSolution
		{F72C9CE1-7BB0-4D38-AEE5-3E505DA842F0}.Debug|Any CPU.ActiveCfg = Debug|Any CPU
		{F72C9CE1-7BB0-4D38-AEE5-3E505DA842F0}.Debug|Any CPU.Build.0 = Debug|Any CPU
		{F72C9CE1-7BB0-4D38-AEE5-3E505DA842F0}.Release|Any CPU.ActiveCfg = Release|Any CPU
		{F72C9CE1-7BB0-4D38-AEE5-3E505DA842F0}.Release|Any CPU.Build.0 = Release|Any CPU
	EndGlobalSection
	GlobalSection(SolutionProperties) = preSolution
		HideSolutionNode = FALSE
	EndGlobalSection
	GlobalSection(ExtensibilityGlobals) = postSolution
		SolutionGuid = {8C8C8404-AB05-49A0-A42F-F8E8CD34C369}
	EndGlobalSection
EndGlobal
